
Microsoft Visual Studio Solution File, Format Version 12.00
# Visual Studio Version 17
VisualStudioVersion = 17.8.34322.80
MinimumVisualStudioVersion = 10.0.40219.1
Project("{8BC9CEB8-8B4A-11D0-8D11-00A0C91BC942}") = "Parmeter Passing", "Parmeter Passing\Parmeter Passing.vcxproj", "{B9EDFD13-708E-4DFD-83C1-CDD771F96AD1}"
EndProject
Global
	GlobalSection(SolutionConfigurationPlatforms) = preSolution
		Debug|x64 = Debug|x64
		Debug|x86 = Debug|x86
		Release|x64 = Release|x64
		Release|x86 = Release|x86
	EndGlobalSection
	GlobalSection(ProjectConfigurationPlatforms) = postSolution
		{B9EDFD13-708E-4DFD-83C1-CDD771F96AD1}.Debug|x64.ActiveCfg = Debug|x64
		{B9EDFD13-708E-4DFD-83C1-CDD771F96AD1}.Debug|x64.Build.0 = Debug|x64
		{B9EDFD13-708E-4DFD-83C1-CDD771F96AD1}.Debug|x86.ActiveCfg = Debug|Win32
		{B9EDFD13-708E-4DFD-83C1-CDD771F96AD1}.Debug|x86.Build.0 = Debug|Win32
		{B9EDFD13-708E-4DFD-83C1-CDD771F96AD1}.Release|x64.ActiveCfg = Release|x64
		{B9EDFD13-708E-4DFD-83C1-CDD771F96AD1}.Release|x64.Build.0 = Release|x64
		{B9EDFD13-708E-4DFD-83C1-CDD771F96AD1}.Release|x86.ActiveCfg = Release|Win32
		{B9EDFD13-708E-4DFD-83C1-CDD771F96AD1}.Release|x86.Build.0 = Release|Win32
	EndGlobalSection
	GlobalSection(SolutionProperties) = preSolution
		HideSolutionNode = FALSE
	EndGlobalSection
	GlobalSection(ExtensibilityGlobals) = postSolution
		SolutionGuid = {982EE33C-3244-4FDE-8638-A3291DC8D495}
	EndGlobalSection
EndGlobal
